
Microsoft Visual Studio Solution File, Format Version 12.00
# Visual Studio Version 17
VisualStudioVersion = 17.6.33815.320
MinimumVisualStudioVersion = 10.0.40219.1
Project("{FAE04EC0-301F-11D3-BF4B-00C04F79EFBC}") = "pr1", "pr1\pr1.csproj", "{F220CED9-E135-47F6-B249-5C43FB89E8E8}"
EndProject
Project("{FAE04EC0-301F-11D3-BF4B-00C04F79EFBC}") = "Lib_13", "Lib_13\Lib_13.csproj", "{ADC0DC76-4DC2-414F-B6A9-38FC7C444246}"
EndProject
Global
	GlobalSection(SolutionConfigurationPlatforms) = preSolution
		Debug|Any CPU = Debug|Any CPU
		Release|Any CPU = Release|Any CPU
	EndGlobalSection
	GlobalSection(ProjectConfigurationPlatforms) = postSolution
		{F220CED9-E135-47F6-B249-5C43FB89E8E8}.Debug|Any CPU.ActiveCfg = Debug|Any CPU
		{F220CED9-E135-47F6-B249-5C43FB89E8E8}.Debug|Any CPU.Build.0 = Debug|Any CPU
		{F220CED9-E135-47F6-B249-5C43FB89E8E8}.Release|Any CPU.ActiveCfg = Release|Any CPU
		{F220CED9-E135-47F6-B249-5C43FB89E8E8}.Release|Any CPU.Build.0 = Release|Any CPU
		{ADC0DC76-4DC2-414F-B6A9-38FC7C444246}.Debug|Any CPU.ActiveCfg = Debug|Any CPU
		{ADC0DC76-4DC2-414F-B6A9-38FC7C444246}.Debug|Any CPU.Build.0 = Debug|Any CPU
		{ADC0DC76-4DC2-414F-B6A9-38FC7C444246}.Release|Any CPU.ActiveCfg = Release|Any CPU
		{ADC0DC76-4DC2-414F-B6A9-38FC7C444246}.Release|Any CPU.Build.0 = Release|Any CPU
	EndGlobalSection
	GlobalSection(SolutionProperties) = preSolution
		HideSolutionNode = FALSE
	EndGlobalSection
	GlobalSection(ExtensibilityGlobals) = postSolution
		SolutionGuid = {59CFFDE4-B4CE-4EBC-95A4-AE065997EADC}
	EndGlobalSection
EndGlobal
